dependencies:
- name: postgresql
  repository: https://charts.bitnami.com/bitnami
  version: 11.8.1
- name: prometheus
  repository: https://prometheus-community.github.io/helm-charts
  version: 20.2.0
digest: sha256:964ac4cedcf0dd8ff70834a56705107a9e18bf8fc0b7fd62c61836d1b18164a8
generated: "2023-04-11T16:02:02.332805+03:00"
